
Microsoft Visual Studio Solution File, Format Version 12.00
# Visual Studio Version 17
VisualStudioVersion = 17.0.31903.59
MinimumVisualStudioVersion = 10.0.40219.1
Project("{FAE04EC0-301F-11D3-BF4B-00C04F79EFBC}") = "RangHamMat.Wpf", "RangHamMat.Wpf\RangHamMat.Wpf.csproj", "{B429F28D-467D-4550-B2B3-496715CD3468}"
EndProject
Project("{FAE04EC0-301F-11D3-BF4B-00C04F79EFBC}") = "ET", "ET\ET.csproj", "{E640B571-5657-443D-9103-CEDD82BF6294}"
EndProject
Global
	GlobalSection(SolutionConfigurationPlatforms) = preSolution
		Debug|Any CPU = Debug|Any CPU
		Release|Any CPU = Release|Any CPU
	EndGlobalSection
	GlobalSection(ProjectConfigurationPlatforms) = postSolution
		{B429F28D-467D-4550-B2B3-496715CD3468}.Debug|Any CPU.ActiveCfg = Debug|Any CPU
		{B429F28D-467D-4550-B2B3-496715CD3468}.Debug|Any CPU.Build.0 = Debug|Any CPU
		{B429F28D-467D-4550-B2B3-496715CD3468}.Release|Any CPU.ActiveCfg = Release|Any CPU
		{B429F28D-467D-4550-B2B3-496715CD3468}.Release|Any CPU.Build.0 = Release|Any CPU
		{E640B571-5657-443D-9103-CEDD82BF6294}.Debug|Any CPU.ActiveCfg = Debug|Any CPU
		{E640B571-5657-443D-9103-CEDD82BF6294}.Debug|Any CPU.Build.0 = Debug|Any CPU
		{E640B571-5657-443D-9103-CEDD82BF6294}.Release|Any CPU.ActiveCfg = Release|Any CPU
		{E640B571-5657-443D-9103-CEDD82BF6294}.Release|Any CPU.Build.0 = Release|Any CPU
	EndGlobalSection
	GlobalSection(SolutionProperties) = preSolution
		HideSolutionNode = FALSE
	EndGlobalSection
	GlobalSection(ExtensibilityGlobals) = postSolution
		SolutionGuid = {AF00031E-2A33-436C-B42B-B4167BA168A9}
	EndGlobalSection
EndGlobal
